<Solution>
  <Folder Name="/Solution Items/">
    <File Path="README.md" />
  </Folder>
  <Project Path="EBanking.Application/EBanking.Application.csproj" Id="e5826cde-7ca4-4827-b36e-4939a1e02118" />
  <Project Path="EBanking.Domain/EBanking.Domain.csproj" Id="5ba10a37-e7d4-4910-a826-6a56b3f05d59" />
  <Project Path="EBanking.Infrastructure/EBanking.Infrastructure.csproj" Id="4537bd7e-0300-4432-ac75-f388fec70c73" />
  <Project Path="EBanking.Web/EBanking.Web.csproj" />
</Solution>
